
Microsoft Visual Studio Solution File, Format Version 12.00
# Visual Studio Version 17
VisualStudioVersion = 17.5.002.0
MinimumVisualStudioVersion = 10.0.40219.1
Project("{9A19103F-16F7-4668-BE54-9A1E7A4F7556}") = "MyMinimalApi", "MyMinimalApi\MyMinimalApi.csproj", "{14DC71CD-D4C3-45DE-8A93-E71726A22164}"
EndProject
Global
	GlobalSection(SolutionConfigurationPlatforms) = preSolution
		Debug|Any CPU = Debug|Any CPU
		Release|Any CPU = Release|Any CPU
	EndGlobalSection
	GlobalSection(ProjectConfigurationPlatforms) = postSolution
		{14DC71CD-D4C3-45DE-8A93-E71726A22164}.Debug|Any CPU.ActiveCfg = Debug|Any CPU
		{14DC71CD-D4C3-45DE-8A93-E71726A22164}.Debug|Any CPU.Build.0 = Debug|Any CPU
		{14DC71CD-D4C3-45DE-8A93-E71726A22164}.Release|Any CPU.ActiveCfg = Release|Any CPU
		{14DC71CD-D4C3-45DE-8A93-E71726A22164}.Release|Any CPU.Build.0 = Release|Any CPU
	EndGlobalSection
	GlobalSection(SolutionProperties) = preSolution
		HideSolutionNode = FALSE
	EndGlobalSection
	GlobalSection(ExtensibilityGlobals) = postSolution
		SolutionGuid = {3CF3809A-206C-4231-B947-C7647D153F71}
	EndGlobalSection
EndGlobal
